
Microsoft Visual Studio Solution File, Format Version 11.00
# Visual Studio 2010
Project("{FAE04EC0-301F-11D3-BF4B-00C04F79EFBC}") = "Tests", "Assembly-CSharp.csproj", "{4A65817B-2B93-DAB0-0B70-DBBAED8D0923}"
EndProject
Project("{FAE04EC0-301F-11D3-BF4B-00C04F79EFBC}") = "Tests", "Assembly-CSharp-firstpass.csproj", "{58EB2F58-FB3B-7E01-3667-3A5AF380EC0B}"
EndProject
Project("{FAE04EC0-301F-11D3-BF4B-00C04F79EFBC}") = "Tests", "Assembly-CSharp-Editor-firstpass.csproj", "{BDF84564-A4B5-1246-4E30-31D5B124BB72}"
EndProject
Project("{FAE04EC0-301F-11D3-BF4B-00C04F79EFBC}") = "Tests", "Assembly-CSharp-Editor.csproj", "{86962645-DB2E-F77F-9607-4552EB124767}"
EndProject
Global
	GlobalSection(SolutionConfigurationPlatforms) = preSolution
		Debug|Any CPU = Debug|Any CPU
		Release|Any CPU = Release|Any CPU
	EndGlobalSection
	GlobalSection(ProjectConfigurationPlatforms) = postSolution
		{4A65817B-2B93-DAB0-0B70-DBBAED8D0923}.Debug|Any CPU.ActiveCfg = Debug|Any CPU
		{4A65817B-2B93-DAB0-0B70-DBBAED8D0923}.Debug|Any CPU.Build.0 = Debug|Any CPU
		{4A65817B-2B93-DAB0-0B70-DBBAED8D0923}.Release|Any CPU.ActiveCfg = Release|Any CPU
		{4A65817B-2B93-DAB0-0B70-DBBAED8D0923}.Release|Any CPU.Build.0 = Release|Any CPU
		{58EB2F58-FB3B-7E01-3667-3A5AF380EC0B}.Debug|Any CPU.ActiveCfg = Debug|Any CPU
		{58EB2F58-FB3B-7E01-3667-3A5AF380EC0B}.Debug|Any CPU.Build.0 = Debug|Any CPU
		{58EB2F58-FB3B-7E01-3667-3A5AF380EC0B}.Release|Any CPU.ActiveCfg = Release|Any CPU
		{58EB2F58-FB3B-7E01-3667-3A5AF380EC0B}.Release|Any CPU.Build.0 = Release|Any CPU
		{BDF84564-A4B5-1246-4E30-31D5B124BB72}.Debug|Any CPU.ActiveCfg = Debug|Any CPU
		{BDF84564-A4B5-1246-4E30-31D5B124BB72}.Debug|Any CPU.Build.0 = Debug|Any CPU
		{BDF84564-A4B5-1246-4E30-31D5B124BB72}.Release|Any CPU.ActiveCfg = Release|Any CPU
		{BDF84564-A4B5-1246-4E30-31D5B124BB72}.Release|Any CPU.Build.0 = Release|Any CPU
		{86962645-DB2E-F77F-9607-4552EB124767}.Debug|Any CPU.ActiveCfg = Debug|Any CPU
		{86962645-DB2E-F77F-9607-4552EB124767}.Debug|Any CPU.Build.0 = Debug|Any CPU
		{86962645-DB2E-F77F-9607-4552EB124767}.Release|Any CPU.ActiveCfg = Release|Any CPU
		{86962645-DB2E-F77F-9607-4552EB124767}.Release|Any CPU.Build.0 = Release|Any CPU
	EndGlobalSection
	GlobalSection(SolutionProperties) = preSolution
		HideSolutionNode = FALSE
	EndGlobalSection
	GlobalSection(MonoDevelopProperties) = preSolution
		StartupItem = Assembly-CSharp.csproj
	EndGlobalSection
EndGlobal
